#MicroXplorer Configuration settings - do not modify
Mcu.Family=STM32F0
PA6.GPIOParameters=GPIO_PuPd,GPIO_Label
ProjectManager.MainLocation=Core/Src
RCC.MCOFreq_Value=48000000
RCC.USART1Freq_Value=48000000
ProjectManager.ProjectFileName=Engine_Tester_Firmware.ioc
ProjectManager.KeepUserCode=true
Mcu.UserName=STM32F030K6Tx
Mcu.PinsNb=18
SPI1.VirtualType=VM_MASTER
ProjectManager.NoMain=false
SPI1.IPParameters=VirtualType,Mode,Direction,CalculateBaudRate,BaudRatePrescaler,DataSize
PA10.GPIO_PuPd=GPIO_PULLDOWN
USART1.BaudRate=115200
RCC.PLLCLKFreq_Value=48000000
PA9.GPIO_Label=ENGINE_OUT_5
PA0.GPIO_Label=LED1
PA12.GPIOParameters=GPIO_PuPd,GPIO_Label
ProjectManager.functionlistsort=1-MX_GPIO_Init-GPIO-false-HAL-true,2-SystemClock_Config-RCC-false-HAL-false,3-MX_SPI1_Init-SPI1-false-HAL-true,4-MX_USART1_UART_Init-USART1-false-HAL-true
PA9.GPIOParameters=GPIO_PuPd,GPIO_Label
PA11.GPIOParameters=GPIO_PuPd,GPIO_Label
PA3.GPIOParameters=GPIO_Label
PA11.GPIO_Label=ENGINE_OUT_7
ProjectManager.DefaultFWLocation=true
PA6.GPIO_Label=ENGINE_OUT_2
PA11.GPIO_PuPd=GPIO_PULLDOWN
NVIC.SVC_IRQn=true\:0\:0\:false\:false\:true\:false\:false
ProjectManager.DeletePrevious=true
USART1.IPParameters=VirtualMode-Asynchronous,BaudRate
PA9.GPIO_PuPd=GPIO_PULLDOWN
PA2.GPIOParameters=GPIO_Label
PinOutPanel.RotationAngle=0
PA12.GPIO_Label=ENGINE_OUT_8
RCC.FamilyName=M
RCC.SYSCLKSource=RCC_SYSCLKSOURCE_PLLCLK
ProjectManager.StackSize=0x400
PB5.GPIOParameters=GPIO_Label
USART1.VirtualMode-Asynchronous=VM_ASYNC
PA3.Mode=Asynchronous
PA13.Signal=SYS_SWDIO
Mcu.IP4=USART1
RCC.FCLKCortexFreq_Value=48000000
Mcu.IP2=SPI1
Mcu.IP3=SYS
PB4.GPIOParameters=GPIO_Label
Mcu.IP0=NVIC
PA11.Locked=true
PA12.Locked=true
Mcu.IP1=RCC
PA12.Signal=GPIO_Input
PA8.GPIO_Label=ENGINE_OUT_4
Mcu.UserConstants=
ProjectManager.TargetToolchain=STM32CubeIDE
Mcu.ThirdPartyNb=0
SPI1.Direction=SPI_DIRECTION_2LINES
RCC.HCLKFreq_Value=48000000
Mcu.IPNb=5
ProjectManager.PreviousToolchain=
PA9.Signal=GPIO_Input
PB5.Locked=true
SPI1.CalculateBaudRate=1.5 MBits/s
PA8.GPIOParameters=GPIO_PuPd,GPIO_Label
Mcu.Pin6=PA7
Mcu.Pin7=PA8
ProjectManager.RegisterCallBack=
Mcu.Pin8=PA9
Mcu.Pin9=PA10
PA7.GPIO_PuPd=GPIO_PULLDOWN
RCC.AHBFreq_Value=48000000
Mcu.Pin0=PA0
Mcu.Pin1=PA2
Mcu.Pin2=PA3
Mcu.Pin3=PA4
Mcu.Pin4=PA5
Mcu.Pin5=PA6
PA5.Signal=GPIO_Input
ProjectManager.ProjectBuild=false
PA0.Locked=true
PA4.GPIO_PuPd=GPIO_PULLDOWN
PB3.Mode=TX_Only_Simplex_Unidirect_Master
PA8.Locked=true
board=custom
PA4.Locked=true
NVIC.SysTick_IRQn=true\:0\:0\:false\:false\:true\:false\:true
ProjectManager.LastFirmware=true
RCC.PLLMUL=RCC_PLL_MUL12
ProjectManager.FirmwarePackage=STM32Cube FW_F0 V1.11.2
MxDb.Version=DB.6.0.21
PA6.GPIO_PuPd=GPIO_PULLDOWN
ProjectManager.BackupPrevious=false
MxCube.Version=6.2.1
PB4.GPIO_Label=OUT_LATCH
SPI1.Mode=SPI_MODE_MASTER
PA14.Mode=Serial_Wire
PA5.GPIO_PuPd=GPIO_PULLDOWN
PB5.Mode=TX_Only_Simplex_Unidirect_Master
SPI1.DataSize=SPI_DATASIZE_8BIT
File.Version=6
PA10.GPIO_Label=ENGINE_OUT_6
PA10.GPIOParameters=GPIO_PuPd,GPIO_Label
VP_SYS_VS_Systick.Mode=SysTick
PB3.GPIOParameters=GPIO_Label
PA9.Locked=true
PA8.Signal=GPIO_Input
NVIC.NonMaskableInt_IRQn=true\:0\:0\:false\:false\:true\:false\:false
PA4.GPIOParameters=GPIO_PuPd,GPIO_Label
NVIC.PendSV_IRQn=true\:0\:0\:false\:false\:true\:false\:false
PA13.Mode=Serial_Wire
ProjectManager.FreePins=false
RCC.IPParameters=AHBFreq_Value,APB1Freq_Value,APB1TimFreq_Value,FCLKCortexFreq_Value,FamilyName,HCLKFreq_Value,MCOFreq_Value,PLLCLKFreq_Value,PLLMCOFreq_Value,PLLMUL,SYSCLKFreq_VALUE,SYSCLKSource,TimSysFreq_Value,USART1Freq_Value
ProjectManager.AskForMigrate=true
Mcu.Name=STM32F030K6Tx
ProjectManager.HalAssertFull=false
PA2.Signal=USART1_TX
ProjectManager.ProjectName=Engine_Tester_Firmware
ProjectManager.UnderRoot=true
PA0.Signal=GPIO_Output
RCC.PLLMCOFreq_Value=48000000
ProjectManager.CoupleFile=false
PB4.Locked=true
PB3.Signal=SPI1_SCK
PA4.Signal=GPIO_Input
RCC.SYSCLKFreq_VALUE=48000000
Mcu.Package=LQFP32
PB5.Signal=SPI1_MOSI
PA6.Signal=GPIO_Input
RCC.TimSysFreq_Value=48000000
PA7.GPIO_Label=ENGINE_OUT_3
PA7.Locked=true
PA5.Locked=true
PA5.GPIO_Label=ENGINE_OUT_1
PA10.Locked=true
NVIC.ForceEnableDMAVector=true
KeepUserPlacement=false
ProjectManager.CompilerOptimize=6
ProjectManager.ToolChainLocation=
PA2.GPIO_Label=UART_TX
PA11.Signal=GPIO_Input
VP_SYS_VS_Systick.Signal=SYS_VS_Systick
PA10.Signal=GPIO_Input
PA14.Signal=SYS_SWCLK
ProjectManager.HeapSize=0x200
PA0.GPIOParameters=GPIO_Label
Mcu.Pin15=PB4
NVIC.HardFault_IRQn=true\:0\:0\:false\:false\:true\:false\:false
Mcu.Pin16=PB5
PA5.GPIOParameters=GPIO_PuPd,GPIO_Label
Mcu.Pin13=PA14
Mcu.Pin14=PB3
ProjectManager.ComputerToolchain=false
Mcu.Pin17=VP_SYS_VS_Systick
PA8.GPIO_PuPd=GPIO_PULLDOWN
Mcu.Pin11=PA12
Mcu.Pin12=PA13
PB5.GPIO_Label=OUT_DATA
Mcu.Pin10=PA11
RCC.APB1TimFreq_Value=48000000
PA2.Mode=Asynchronous
PA12.GPIO_PuPd=GPIO_PULLDOWN
RCC.APB1Freq_Value=48000000
SPI1.BaudRatePrescaler=SPI_BAUDRATEPRESCALER_32
PA4.GPIO_Label=ENGINE_OUT_0
PA7.GPIOParameters=GPIO_PuPd,GPIO_Label
ProjectManager.CustomerFirmwarePackage=
ProjectManager.DeviceId=STM32F030K6Tx
ProjectManager.LibraryCopy=1
PB3.Locked=true
PB4.Signal=GPIO_Output
PA3.GPIO_Label=UART_RX
PA3.Signal=USART1_RX
PA7.Signal=GPIO_Input
PA6.Locked=true
PB3.GPIO_Label=OUT_CLK
isbadioc=false
